# THIS IS AN AUTOGENERATED FILE. DO NOT EDIT THIS FILE DIRECTLY.
# yarn lockfile v1


binary@0.3.x:
  version "0.3.0"
  resolved "http://registry.npm.taobao.org/binary/download/binary-0.3.0.tgz#9f60553bc5ce8c3386f3b553cff47462adecaa79"
  integrity sha1-n2BVO8XOjDOG87VTz/R0Yq3sqnk=
  dependencies:
    buffers "~0.1.1"
    chainsaw "~0.1.0"

buffers@~0.1.1:
  version "0.1.1"
  resolved "http://registry.npm.taobao.org/buffers/download/buffers-0.1.1.tgz#b24579c3bed4d6d396aeee6d9a8ae7f5482ab7bb"
  integrity sha1-skV5w77U1tOWru5tmorn9Ugqt7s=

chainsaw@~0.1.0:
  version "0.1.0"
  resolved "http://registry.npm.taobao.org/chainsaw/download/chainsaw-0.1.0.tgz#5eab50b28afe58074d0d58291388828b5e5fbc98"
  integrity sha1-XqtQsor+WAdNDVgpE4iCi15fvJg=
  dependencies:
    traverse ">=0.3.0 <0.4"

debug@^3.0.1:
  version "3.2.6"
  resolved "http://registry.npm.taobao.org/debug/download/debug-3.2.6.tgz#e83d17de16d8a7efb7717edbe5fb10135eee629b"
  integrity sha1-6D0X3hbYp++3cX7b5fsQE17uYps=
  dependencies:
    ms "^2.1.1"

gearman@^2.1.0:
  version "2.1.0"
  resolved "http://registry.npm.taobao.org/gearman/download/gearman-2.1.0.tgz#980ed3cb249d3370cdd597eeb56bcde82124177a"
  integrity sha1-mA7TyySdM3DN1ZfutWvN6CEkF3o=
  dependencies:
    binary "0.3.x"
    debug "^3.0.1"
    put "0.0.x"

ms@^2.1.1:
  version "2.1.1"
  resolved "http://registry.npm.taobao.org/ms/download/ms-2.1.1.tgz#30a5864eb3ebb0a66f2ebe6d727af06a09d86e0a"
  integrity sha1-MKWGTrPrsKZvLr5tcnrwagnYbgo=

put@0.0.x:
  version "0.0.6"
  resolved "http://registry.npm.taobao.org/put/download/put-0.0.6.tgz#30f5f60bd6e4389bd329e16a25386cbb2e4a00a3"
  integrity sha1-MPX2C9bkOJvTKeFqJThsuy5KAKM=

"traverse@>=0.3.0 <0.4":
  version "0.3.9"
  resolved "http://registry.npm.taobao.org/traverse/download/traverse-0.3.9.tgz#717b8f220cc0bb7b44e40514c22b2e8bbc70d8b9"
  integrity sha1-cXuPIgzAu3tE5AUUwisui7xw2Lk=
